// !$*UTF8*$!
{
	archiveVersion = 1;
	classes = {
	};
	objectVersion = 50;
	objects = {

/* Begin PBXBuildFile section */
		187B239324DB129100F18621 /* AppDelegate.swift in Sources */ = {isa = PBXBuildFile; fileRef = 187B239224DB129100F18621 /* AppDelegate.swift */; };
		187B239524DB129100F18621 /* SceneDelegate.swift in Sources */ = {isa = PBXBuildFile; fileRef = 187B239424DB129100F18621 /* SceneDelegate.swift */; };
		187B239724DB129100F18621 /* ViewController.swift in Sources */ = {isa = PBXBuildFile; fileRef = 187B239624DB129100F18621 /* ViewController.swift */; };
		187B239A24DB129100F18621 /* Main.storyboard in Resources */ = {isa = PBXBuildFile; fileRef = 187B239824DB129100F18621 /* Main.storyboard */; };
		187B239C24DB129200F18621 /* Assets.xcassets in Resources */ = {isa = PBXBuildFile; fileRef = 187B239B24DB129200F18621 /* Assets.xcassets */; };
		187B239F24DB129200F18621 /* LaunchScreen.storyboard in Resources */ = {isa = PBXBuildFile; fileRef = 187B239D24DB129200F18621 /* LaunchScreen.storyboard */; };
		187B23A724DB39CA00F18621 /* Constants.swift in Sources */ = {isa = PBXBuildFile; fileRef = 187B23A624DB39CA00F18621 /* Constants.swift */; };
		187B23A924DB3BAD00F18621 /* Video.swift in Sources */ = {isa = PBXBuildFile; fileRef = 187B23A824DB3BAD00F18621 /* Video.swift */; };
		187B23AB24DB3D7300F18621 /* Model.swift in Sources */ = {isa = PBXBuildFile; fileRef = 187B23AA24DB3D7300F18621 /* Model.swift */; };
		187B23AD24DCA39C00F18621 /* Response.swift in Sources */ = {isa = PBXBuildFile; fileRef = 187B23AC24DCA39C00F18621 /* Response.swift */; };
/* End PBXBuildFile section */

/* Begin PBXFileReference section */
		187B238F24DB129100F18621 /* Youtube-Clone.app */ = {isa = PBXFileReference; explicitFileType = wrapper.application; includeInIndex = 0; path = "Youtube-Clone.app"; sourceTree = BUILT_PRODUCTS_DIR; };
		187B239224DB129100F18621 /* AppDelegate.swift */ = {isa = PBXFileReference; lastKnownFileType = sourcecode.swift; path = AppDelegate.swift; sourceTree = "<group>"; };
		187B239424DB129100F18621 /* SceneDelegate.swift */ = {isa = PBXFileReference; lastKnownFileType = sourcecode.swift; path = SceneDelegate.swift; sourceTree = "<group>"; };
		187B239624DB129100F18621 /* ViewController.swift */ = {isa = PBXFileReference; lastKnownFileType = sourcecode.swift; path = ViewController.swift; sourceTree = "<group>"; };
		187B239924DB129100F18621 /* Base */ = {isa = PBXFileReference; lastKnownFileType = file.storyboard; name = Base; path = Base.lproj/Main.storyboard; sourceTree = "<group>"; };
		187B239B24DB129200F18621 /* Assets.xcassets */ = {isa = PBXFileReference; lastKnownFileType = folder.assetcatalog; path = Assets.xcassets; sourceTree = "<group>"; };
		187B239E24DB129200F18621 /* Base */ = {isa = PBXFileReference; lastKnownFileType = file.storyboard; name = Base; path = Base.lproj/LaunchScreen.storyboard; sourceTree = "<group>"; };
		187B23A024DB129200F18621 /* Info.plist */ = {isa = PBXFileReference; lastKnownFileType = text.plist.xml; path = Info.plist; sourceTree = "<group>"; };
		187B23A624DB39CA00F18621 /* Constants.swift */ = {isa = PBXFileReference; lastKnownFileType = sourcecode.swift; path = Constants.swift; sourceTree = "<group>"; };
		187B23A824DB3BAD00F18621 /* Video.swift */ = {isa = PBXFileReference; lastKnownFileType = sourcecode.swift; path = Video.swift; sourceTree = "<group>"; };
		187B23AA24DB3D7300F18621 /* Model.swift */ = {isa = PBXFileReference; lastKnownFileType = sourcecode.swift; path = Model.swift; sourceTree = "<group>"; };
		187B23AC24DCA39C00F18621 /* Response.swift */ = {isa = PBXFileReference; lastKnownFileType = sourcecode.swift; path = Response.swift; sourceTree = "<group>"; };
/* End PBXFileReference section */

/* Begin PBXFrameworksBuildPhase section */
		187B238C24DB129100F18621 /* Frameworks */ = {
			isa = PBXFrameworksBuildPhase;
			buildActionMask = 2147483647;
			files = (
			);
			runOnlyForDeploymentPostprocessing = 0;
		};
/* End PBXFrameworksBuildPhase section */

/* Begin PBXGroup section */
		187B238624DB129100F18621 = {
			isa = PBXGroup;
			children = (
				187B239124DB129100F18621 /* Youtube-Clone */,
				187B239024DB129100F18621 /* Products */,
			);
			sourceTree = "<group>";
		};
		187B239024DB129100F18621 /* Products */ = {
			isa = PBXGroup;
			children = (
				187B238F24DB129100F18621 /* Youtube-Clone.app */,
			);
			name = Products;
			sourceTree = "<group>";
		};
		187B239124DB129100F18621 /* Youtube-Clone */ = {
			isa = PBXGroup;
			children = (
				187B239224DB129100F18621 /* AppDelegate.swift */,
				187B239424DB129100F18621 /* SceneDelegate.swift */,
				187B239624DB129100F18621 /* ViewController.swift */,
				187B239824DB129100F18621 /* Main.storyboard */,
				187B239B24DB129200F18621 /* Assets.xcassets */,
				187B239D24DB129200F18621 /* LaunchScreen.storyboard */,
				187B23A024DB129200F18621 /* Info.plist */,
				187B23A624DB39CA00F18621 /* Constants.swift */,
				187B23A824DB3BAD00F18621 /* Video.swift */,
				187B23AA24DB3D7300F18621 /* Model.swift */,
				187B23AC24DCA39C00F18621 /* Response.swift */,
			);
			path = "Youtube-Clone";
			sourceTree = "<group>";
		};
/* End PBXGroup section */

/* Begin PBXNativeTarget section */
		187B238E24DB129100F18621 /* Youtube-Clone */ = {
			isa = PBXNativeTarget;
			buildConfigurationList = 187B23A324DB129200F18621 /* Build configuration list for PBXNativeTarget "Youtube-Clone" */;
			buildPhases = (
				187B238B24DB129100F18621 /* Sources */,
				187B238C24DB129100F18621 /* Frameworks */,
				187B238D24DB129100F18621 /* Resources */,
			);
			buildRules = (
			);
			dependencies = (
			);
			name = "Youtube-Clone";
			productName = "Youtube-Clone";
			productReference = 187B238F24DB129100F18621 /* Youtube-Clone.app */;
			productType = "com.apple.product-type.application";
		};
/* End PBXNativeTarget section */

/* Begin PBXProject section */
		187B238724DB129100F18621 /* Project object */ = {
			isa = PBXProject;
			attributes = {
				LastSwiftUpdateCheck = 1160;
				LastUpgradeCheck = 1160;
				ORGANIZATIONNAME = "Alley Pereira";
				TargetAttributes = {
					187B238E24DB129100F18621 = {
						CreatedOnToolsVersion = 11.6;
					};
				};
			};
			buildConfigurationList = 187B238A24DB129100F18621 /* Build configuration list for PBXProject "Youtube-Clone" */;
			compatibilityVersion = "Xcode 9.3";
			developmentRegion = en;
			hasScannedForEncodings = 0;
			knownRegions = (
				en,
				Base,
			);
			mainGroup = 187B238624DB129100F18621;
			productRefGroup = 187B239024DB129100F18621 /* Products */;
			projectDirPath = "";
			projectRoot = "";
			targets = (
				187B238E24DB129100F18621 /* Youtube-Clone */,
			);
		};
/* End PBXProject section */

/* Begin PBXResourcesBuildPhase section */
		187B238D24DB129100F18621 /* Resources */ = {
			isa = PBXResourcesBuildPhase;
			buildActionMask = 2147483647;
			files = (
				187B239F24DB129200F18621 /* LaunchScreen.storyboard in Resources */,
				187B239C24DB129200F18621 /* Assets.xcassets in Resources */,
				187B239A24DB129100F18621 /* Main.storyboard in Resources */,
			);
			runOnlyForDeploymentPostprocessing = 0;
		};
/* End PBXResourcesBuildPhase section */

/* Begin PBXSourcesBuildPhase section */
		187B238B24DB129100F18621 /* Sources */ = {
			isa = PBXSourcesBuildPhase;
			buildActionMask = 2147483647;
			files = (
				187B239724DB129100F18621 /* ViewController.swift in Sources */,
				187B239324DB129100F18621 /* AppDelegate.swift in Sources */,
				187B239524DB129100F18621 /* SceneDelegate.swift in Sources */,
				187B23AB24DB3D7300F18621 /* Model.swift in Sources */,
				187B23A724DB39CA00F18621 /* Constants.swift in Sources */,
				187B23A924DB3BAD00F18621 /* Video.swift in Sources */,
				187B23AD24DCA39C00F18621 /* Response.swift in Sources */,
			);
			runOnlyForDeploymentPostprocessing = 0;
		};
/* End PBXSourcesBuildPhase section */

/* Begin PBXVariantGroup section */
		187B239824DB129100F18621 /* Main.storyboard */ = {
			isa = PBXVariantGroup;
			children = (
				187B239924DB129100F18621 /* Base */,
			);
			name = Main.storyboard;
			sourceTree = "<group>";
		};
		187B239D24DB129200F18621 /* LaunchScreen.storyboard */ = {
			isa = PBXVariantGroup;
			children = (
				187B239E24DB129200F18621 /* Base */,
			);
			name = LaunchScreen.storyboard;
			sourceTree = "<group>";
		};
/* End PBXVariantGroup section */

/* Begin XCBuildConfiguration section */
		187B23A124DB129200F18621 /* Debug */ = {
			isa = XCBuildConfiguration;
			buildSettings = {
				ALWAYS_SEARCH_USER_PATHS = NO;
				CLANG_ANALYZER_NONNULL = YES;
				CLANG_ANALYZER_NUMBER_OBJECT_CONVERSION = YES_AGGRESSIVE;
				CLANG_CXX_LANGUAGE_STANDARD = "gnu++14";
				CLANG_CXX_LIBRARY = "libc++";
				CLANG_ENABLE_MODULES = YES;
				CLANG_ENABLE_OBJC_ARC = YES;
				CLANG_ENABLE_OBJC_WEAK = YES;
				CLANG_WARN_BLOCK_CAPTURE_AUTORELEASING = YES;
				CLANG_WARN_BOOL_CONVERSION = YES;
				CLANG_WARN_COMMA = YES;
				CLANG_WARN_CONSTANT_CONVERSION = YES;
				CLANG_WARN_DEPRECATED_OBJC_IMPLEMENTATIONS = YES;
				CLANG_WARN_DIRECT_OBJC_ISA_USAGE = YES_ERROR;
				CLANG_WARN_DOCUMENTATION_COMMENTS = YES;
				CLANG_WARN_EMPTY_BODY = YES;
				CLANG_WARN_ENUM_CONVERSION = YES;
				CLANG_WARN_INFINITE_RECURSION = YES;
				CLANG_WARN_INT_CONVERSION = YES;
				CLANG_WARN_NON_LITERAL_NULL_CONVERSION = YES;
				CLANG_WARN_OBJC_IMPLICIT_RETAIN_SELF = YES;
				CLANG_WARN_OBJC_LITERAL_CONVERSION = YES;
				CLANG_WARN_OBJC_ROOT_CLASS = YES_ERROR;
				CLANG_WARN_RANGE_LOOP_ANALYSIS = YES;
				CLANG_WARN_STRICT_PROTOTYPES = YES;
				CLANG_WARN_SUSPICIOUS_MOVE = YES;
				CLANG_WARN_UNGUARDED_AVAILABILITY = YES_AGGRESSIVE;
				CLANG_WARN_UNREACHABLE_CODE = YES;
				CLANG_WARN__DUPLICATE_METHOD_MATCH = YES;
				COPY_PHASE_STRIP = NO;
				DEBUG_INFORMATION_FORMAT = dwarf;
				ENABLE_STRICT_OBJC_MSGSEND = YES;
				ENABLE_TESTABILITY = YES;
				GCC_C_LANGUAGE_STANDARD = gnu11;
				GCC_DYNAMIC_NO_PIC = NO;
				GCC_NO_COMMON_BLOCKS = YES;
				GCC_OPTIMIZATION_LEVEL = 0;
				GCC_PREPROCESSOR_DEFINITIONS = (
					"DEBUG=1",
					"$(inherited)",
				);
				GCC_WARN_64_TO_32_BIT_CONVERSION = YES;
				GCC_WARN_ABOUT_RETURN_TYPE = YES_ERROR;
				GCC_WARN_UNDECLARED_SELECTOR = YES;
				GCC_WARN_UNINITIALIZED_AUTOS = YES_AGGRESSIVE;
				GCC_WARN_UNUSED_FUNCTION = YES;
				GCC_WARN_UNUSED_VARIABLE = YES;
				IPHONEOS_DEPLOYMENT_TARGET = 13.6;
				MTL_ENABLE_DEBUG_INFO = INCLUDE_SOURCE;
				MTL_FAST_MATH = YES;
				ONLY_ACTIVE_ARCH = YES;
				SDKROOT = iphoneos;
				SWIFT_ACTIVE_COMPILATION_CONDITIONS = DEBUG;
				SWIFT_OPTIMIZATION_LEVEL = "-Onone";
			};
			name = Debug;
		};
		187B23A224DB129200F18621 /* Release */ = {
			isa = XCBuildConfiguration;
			buildSettings = {
				ALWAYS_SEARCH_USER_PATHS = NO;
				CLANG_ANALYZER_NONNULL = YES;
				CLANG_ANALYZER_NUMBER_OBJECT_CONVERSION = YES_AGGRESSIVE;
				CLANG_CXX_LANGUAGE_STANDARD = "gnu++14";
				CLANG_CXX_LIBRARY = "libc++";
				CLANG_ENABLE_MODULES = YES;
				CLANG_ENABLE_OBJC_ARC = YES;
				CLANG_ENABLE_OBJC_WEAK = YES;
				CLANG_WARN_BLOCK_CAPTURE_AUTORELEASING = YES;
				CLANG_WARN_BOOL_CONVERSION = YES;
				CLANG_WARN_COMMA = YES;
				CLANG_WARN_CONSTANT_CONVERSION = YES;
				CLANG_WARN_DEPRECATED_OBJC_IMPLEMENTATIONS = YES;
				CLANG_WARN_DIRECT_OBJC_ISA_USAGE = YES_ERROR;
				CLANG_WARN_DOCUMENTATION_COMMENTS = YES;
				CLANG_WARN_EMPTY_BODY = YES;
				CLANG_WARN_ENUM_CONVERSION = YES;
				CLANG_WARN_INFINITE_RECURSION = YES;
				CLANG_WARN_INT_CONVERSION = YES;
				CLANG_WARN_NON_LITERAL_NULL_CONVERSION = YES;
				CLANG_WARN_OBJC_IMPLICIT_RETAIN_SELF = YES;
				CLANG_WARN_OBJC_LITERAL_CONVERSION = YES;
				CLANG_WARN_OBJC_ROOT_CLASS = YES_ERROR;
				CLANG_WARN_RANGE_LOOP_ANALYSIS = YES;
				CLANG_WARN_STRICT_PROTOTYPES = YES;
				CLANG_WARN_SUSPICIOUS_MOVE = YES;
				CLANG_WARN_UNGUARDED_AVAILABILITY = YES_AGGRESSIVE;
				CLANG_WARN_UNREACHABLE_CODE = YES;
				CLANG_WARN__DUPLICATE_METHOD_MATCH = YES;
				COPY_PHASE_STRIP = NO;
				DEBUG_INFORMATION_FORMAT = "dwarf-with-dsym";
				ENABLE_NS_ASSERTIONS = NO;
				ENABLE_STRICT_OBJC_MSGSEND = YES;
				GCC_C_LANGUAGE_STANDARD = gnu11;
				GCC_NO_COMMON_BLOCKS = YES;
				GCC_WARN_64_TO_32_BIT_CONVERSION = YES;
				GCC_WARN_ABOUT_RETURN_TYPE = YES_ERROR;
				GCC_WARN_UNDECLARED_SELECTOR = YES;
				GCC_WARN_UNINITIALIZED_AUTOS = YES_AGGRESSIVE;
				GCC_WARN_UNUSED_FUNCTION = YES;
				GCC_WARN_UNUSED_VARIABLE = YES;
				IPHONEOS_DEPLOYMENT_TARGET = 13.6;
				MTL_ENABLE_DEBUG_INFO = NO;
				MTL_FAST_MATH = YES;
				SDKROOT = iphoneos;
				SWIFT_COMPILATION_MODE = wholemodule;
				SWIFT_OPTIMIZATION_LEVEL = "-O";
				VALIDATE_PRODUCT = YES;
			};
			name = Release;
		};
		187B23A424DB129200F18621 /* Debug */ = {
			isa = XCBuildConfiguration;
			buildSettings = {
				ASSETCATALOG_COMPILER_APPICON_NAME = AppIcon;
				CODE_SIGN_STYLE = Automatic;
				DEVELOPMENT_TEAM = 4X8K6Z86C3;
				INFOPLIST_FILE = "Youtube-Clone/Info.plist";
				LD_RUNPATH_SEARCH_PATHS = (
					"$(inherited)",
					"@executable_path/Frameworks",
				);
				PRODUCT_BUNDLE_IDENTIFIER = "com.AlleyPereira.Youtube-Clone";
				PRODUCT_NAME = "$(TARGET_NAME)";
				SWIFT_VERSION = 5.0;
				TARGETED_DEVICE_FAMILY = "1,2";
			};
			name = Debug;
		};
		187B23A524DB129200F18621 /* Release */ = {
			isa = XCBuildConfiguration;
			buildSettings = {
				ASSETCATALOG_COMPILER_APPICON_NAME = AppIcon;
				CODE_SIGN_STYLE = Automatic;
				DEVELOPMENT_TEAM = 4X8K6Z86C3;
				INFOPLIST_FILE = "Youtube-Clone/Info.plist";
				LD_RUNPATH_SEARCH_PATHS = (
					"$(inherited)",
					"@executable_path/Frameworks",
				);
				PRODUCT_BUNDLE_IDENTIFIER = "com.AlleyPereira.Youtube-Clone";
				PRODUCT_NAME = "$(TARGET_NAME)";
				SWIFT_VERSION = 5.0;
				TARGETED_DEVICE_FAMILY = "1,2";
			};
			name = Release;
		};
/* End XCBuildConfiguration section */

/* Begin XCConfigurationList section */
		187B238A24DB129100F18621 /* Build configuration list for PBXProject "Youtube-Clone" */ = {
			isa = XCConfigurationList;
			buildConfigurations = (
				187B23A124DB129200F18621 /* Debug */,
				187B23A224DB129200F18621 /* Release */,
			);
			defaultConfigurationIsVisible = 0;
			defaultConfigurationName = Release;
		};
		187B23A324DB129200F18621 /* Build configuration list for PBXNativeTarget "Youtube-Clone" */ = {
			isa = XCConfigurationList;
			buildConfigurations = (
				187B23A424DB129200F18621 /* Debug */,
				187B23A524DB129200F18621 /* Release */,
			);
			defaultConfigurationIsVisible = 0;
			defaultConfigurationName = Release;
		};
/* End XCConfigurationList section */
	};
	rootObject = 187B238724DB129100F18621 /* Project object */;
}
